// !$*UTF8*$!
{
	archiveVersion = 1;
	classes = {
	};
	objectVersion = 56;
	objects = {

/* Begin PBXBuildFile section */
		3254673F2B5BE116006450AB /* IrisScanningView.swift in Sources */ = {isa = PBXBuildFile; fileRef = 3254673E2B5BE116006450AB /* IrisScanningView.swift */; };
		325DC82C2B5BC9A400E35FA2 /* images in Resources */ = {isa = PBXBuildFile; fileRef = 325DC82B2B5BC9A400E35FA2 /* images */; };
		32613F402B5BEFA300155437 /* RPS.mlmodel in Sources */ = {isa = PBXBuildFile; fileRef = 32613F3F2B5BEFA300155437 /* RPS.mlmodel */; };
		32613F422B5BF01300155437 /* ScissorsPaperStoneView.swift in Sources */ = {isa = PBXBuildFile; fileRef = 32613F412B5BF01300155437 /* ScissorsPaperStoneView.swift */; };
		32613F442B5BF01F00155437 /* HandGestureViewModel.swift in Sources */ = {isa = PBXBuildFile; fileRef = 32613F432B5BF01F00155437 /* HandGestureViewModel.swift */; };
		32613F462B5C0BC100155437 /* horrifyingmusic.mov in Resources */ = {isa = PBXBuildFile; fileRef = 32613F452B5C0BC100155437 /* horrifyingmusic.mov */; };
		32613F492B5C0BED00155437 /* Subsonic in Frameworks */ = {isa = PBXBuildFile; productRef = 32613F482B5C0BED00155437 /* Subsonic */; };
		32613F4B2B5C223500155437 /* WaldoView.swift in Sources */ = {isa = PBXBuildFile; fileRef = 32613F4A2B5C223500155437 /* WaldoView.swift */; };
		329CF6032B5B7D6E0043FC18 /* TakeOverView.swift in Sources */ = {isa = PBXBuildFile; fileRef = 329CF6022B5B7D6E0043FC18 /* TakeOverView.swift */; };
		329CF6052B5BA4290043FC18 /* CAPTCHAType.swift in Sources */ = {isa = PBXBuildFile; fileRef = 329CF6042B5BA4290043FC18 /* CAPTCHAType.swift */; };
		329CF6072B5BA4C50043FC18 /* CAPTCHAValidationManager.swift in Sources */ = {isa = PBXBuildFile; fileRef = 329CF6062B5BA4C50043FC18 /* CAPTCHAValidationManager.swift */; };
		329CF60D2B5BB3860043FC18 /* CaptchaRendererView.swift in Sources */ = {isa = PBXBuildFile; fileRef = 329CF60C2B5BB3860043FC18 /* CaptchaRendererView.swift */; };
		329CF6102B5BBC330043FC18 /* SelectPhotoView.swift in Sources */ = {isa = PBXBuildFile; fileRef = 329CF60F2B5BBC330043FC18 /* SelectPhotoView.swift */; };
		32C53ACC2B5B7A08004DED18 /* AppDelegate.swift in Sources */ = {isa = PBXBuildFile; fileRef = 32C53ACB2B5B7A08004DED18 /* AppDelegate.swift */; };
		32C53ACE2B5B7A08004DED18 /* ViewController.swift in Sources */ = {isa = PBXBuildFile; fileRef = 32C53ACD2B5B7A08004DED18 /* ViewController.swift */; };
		32C53AD02B5B7A09004DED18 /* Assets.xcassets in Resources */ = {isa = PBXBuildFile; fileRef = 32C53ACF2B5B7A09004DED18 /* Assets.xcassets */; };
		32C53AD32B5B7A09004DED18 /* Main.storyboard in Resources */ = {isa = PBXBuildFile; fileRef = 32C53AD12B5B7A09004DED18 /* Main.storyboard */; };
/* End PBXBuildFile section */

/* Begin PBXFileReference section */
		3254673E2B5BE116006450AB /* IrisScanningView.swift */ = {isa = PBXFileReference; lastKnownFileType = sourcecode.swift; path = IrisScanningView.swift; sourceTree = "<group>"; };
		325DC82B2B5BC9A400E35FA2 /* images */ = {isa = PBXFileReference; lastKnownFileType = folder; name = images; path = ../../images; sourceTree = "<group>"; };
		32613F3F2B5BEFA300155437 /* RPS.mlmodel */ = {isa = PBXFileReference; lastKnownFileType = file.mlmodel; path = RPS.mlmodel; sourceTree = "<group>"; };
		32613F412B5BF01300155437 /* ScissorsPaperStoneView.swift */ = {isa = PBXFileReference; lastKnownFileType = sourcecode.swift; path = ScissorsPaperStoneView.swift; sourceTree = "<group>"; };
		32613F432B5BF01F00155437 /* HandGestureViewModel.swift */ = {isa = PBXFileReference; lastKnownFileType = sourcecode.swift; path = HandGestureViewModel.swift; sourceTree = "<group>"; };
		32613F452B5C0BC100155437 /* horrifyingmusic.mov */ = {isa = PBXFileReference; lastKnownFileType = video.quicktime; path = horrifyingmusic.mov; sourceTree = "<group>"; };
		32613F4A2B5C223500155437 /* WaldoView.swift */ = {isa = PBXFileReference; lastKnownFileType = sourcecode.swift; path = WaldoView.swift; sourceTree = "<group>"; };
		329CF6022B5B7D6E0043FC18 /* TakeOverView.swift */ = {isa = PBXFileReference; lastKnownFileType = sourcecode.swift; path = TakeOverView.swift; sourceTree = "<group>"; };
		329CF6042B5BA4290043FC18 /* CAPTCHAType.swift */ = {isa = PBXFileReference; lastKnownFileType = sourcecode.swift; path = CAPTCHAType.swift; sourceTree = "<group>"; };
		329CF6062B5BA4C50043FC18 /* CAPTCHAValidationManager.swift */ = {isa = PBXFileReference; lastKnownFileType = sourcecode.swift; path = CAPTCHAValidationManager.swift; sourceTree = "<group>"; };
		329CF60C2B5BB3860043FC18 /* CaptchaRendererView.swift */ = {isa = PBXFileReference; lastKnownFileType = sourcecode.swift; path = CaptchaRendererView.swift; sourceTree = "<group>"; };
		329CF60F2B5BBC330043FC18 /* SelectPhotoView.swift */ = {isa = PBXFileReference; lastKnownFileType = sourcecode.swift; path = SelectPhotoView.swift; sourceTree = "<group>"; };
		32C53AC82B5B7A08004DED18 /* CodCaptcha.app */ = {isa = PBXFileReference; explicitFileType = wrapper.application; includeInIndex = 0; path = CodCaptcha.app; sourceTree = BUILT_PRODUCTS_DIR; };
		32C53ACB2B5B7A08004DED18 /* AppDelegate.swift */ = {isa = PBXFileReference; lastKnownFileType = sourcecode.swift; path = AppDelegate.swift; sourceTree = "<group>"; };
		32C53ACD2B5B7A08004DED18 /* ViewController.swift */ = {isa = PBXFileReference; lastKnownFileType = sourcecode.swift; path = ViewController.swift; sourceTree = "<group>"; };
		32C53ACF2B5B7A09004DED18 /* Assets.xcassets */ = {isa = PBXFileReference; lastKnownFileType = folder.assetcatalog; path = Assets.xcassets; sourceTree = "<group>"; };
		32C53AD22B5B7A09004DED18 /* Base */ = {isa = PBXFileReference; lastKnownFileType = file.storyboard; name = Base; path = Base.lproj/Main.storyboard; sourceTree = "<group>"; };
		32C53AD42B5B7A09004DED18 /* CodCaptcha.entitlements */ = {isa = PBXFileReference; lastKnownFileType = text.plist.entitlements; path = CodCaptcha.entitlements; sourceTree = "<group>"; };
/* End PBXFileReference section */

/* Begin PBXFrameworksBuildPhase section */
		32C53AC52B5B7A07004DED18 /* Frameworks */ = {
			isa = PBXFrameworksBuildPhase;
			buildActionMask = 2147483647;
			files = (
				32613F492B5C0BED00155437 /* Subsonic in Frameworks */,
			);
			runOnlyForDeploymentPostprocessing = 0;
		};
/* End PBXFrameworksBuildPhase section */

/* Begin PBXGroup section */
		32C53ABF2B5B7A07004DED18 = {
			isa = PBXGroup;
			children = (
				32C53ACA2B5B7A08004DED18 /* CodCaptcha */,
				32C53AC92B5B7A08004DED18 /* Products */,
			);
			sourceTree = "<group>";
		};
		32C53AC92B5B7A08004DED18 /* Products */ = {
			isa = PBXGroup;
			children = (
				32C53AC82B5B7A08004DED18 /* CodCaptcha.app */,
			);
			name = Products;
			sourceTree = "<group>";
		};
		32C53ACA2B5B7A08004DED18 /* CodCaptcha */ = {
			isa = PBXGroup;
			children = (
				32C53ACB2B5B7A08004DED18 /* AppDelegate.swift */,
				32C53ACD2B5B7A08004DED18 /* ViewController.swift */,
				329CF6022B5B7D6E0043FC18 /* TakeOverView.swift */,
				329CF60C2B5BB3860043FC18 /* CaptchaRendererView.swift */,
				32613F4A2B5C223500155437 /* WaldoView.swift */,
				32613F412B5BF01300155437 /* ScissorsPaperStoneView.swift */,
				32613F432B5BF01F00155437 /* HandGestureViewModel.swift */,
				3254673E2B5BE116006450AB /* IrisScanningView.swift */,
				329CF60F2B5BBC330043FC18 /* SelectPhotoView.swift */,
				329CF6062B5BA4C50043FC18 /* CAPTCHAValidationManager.swift */,
				329CF6042B5BA4290043FC18 /* CAPTCHAType.swift */,
				32613F452B5C0BC100155437 /* horrifyingmusic.mov */,
				32613F3F2B5BEFA300155437 /* RPS.mlmodel */,
				325DC82B2B5BC9A400E35FA2 /* images */,
				32C53ACF2B5B7A09004DED18 /* Assets.xcassets */,
				32C53AD12B5B7A09004DED18 /* Main.storyboard */,
				32C53AD42B5B7A09004DED18 /* CodCaptcha.entitlements */,
			);
			path = CodCaptcha;
			sourceTree = "<group>";
		};
/* End PBXGroup section */

/* Begin PBXNativeTarget section */
		32C53AC72B5B7A07004DED18 /* CodCaptcha */ = {
			isa = PBXNativeTarget;
			buildConfigurationList = 32C53AD72B5B7A09004DED18 /* Build configuration list for PBXNativeTarget "CodCaptcha" */;
			buildPhases = (
				32C53AC42B5B7A07004DED18 /* Sources */,
				32C53AC52B5B7A07004DED18 /* Frameworks */,
				32C53AC62B5B7A07004DED18 /* Resources */,
			);
			buildRules = (
			);
			dependencies = (
			);
			name = CodCaptcha;
			packageProductDependencies = (
				32613F482B5C0BED00155437 /* Subsonic */,
			);
			productName = CodCaptcha;
			productReference = 32C53AC82B5B7A08004DED18 /* CodCaptcha.app */;
			productType = "com.apple.product-type.application";
		};
/* End PBXNativeTarget section */

/* Begin PBXProject section */
		32C53AC02B5B7A07004DED18 /* Project object */ = {
			isa = PBXProject;
			attributes = {
				BuildIndependentTargetsInParallel = 1;
				LastSwiftUpdateCheck = 1500;
				LastUpgradeCheck = 1500;
				TargetAttributes = {
					32C53AC72B5B7A07004DED18 = {
						CreatedOnToolsVersion = 15.0;
					};
				};
			};
			buildConfigurationList = 32C53AC32B5B7A07004DED18 /* Build configuration list for PBXProject "CodCaptcha" */;
			compatibilityVersion = "Xcode 14.0";
			developmentRegion = en;
			hasScannedForEncodings = 0;
			knownRegions = (
				en,
				Base,
			);
			mainGroup = 32C53ABF2B5B7A07004DED18;
			packageReferences = (
				32613F472B5C0BED00155437 /* XCRemoteSwiftPackageReference "Subsonic" */,
			);
			productRefGroup = 32C53AC92B5B7A08004DED18 /* Products */;
			projectDirPath = "";
			projectRoot = "";
			targets = (
				32C53AC72B5B7A07004DED18 /* CodCaptcha */,
			);
		};
/* End PBXProject section */

/* Begin PBXResourcesBuildPhase section */
		32C53AC62B5B7A07004DED18 /* Resources */ = {
			isa = PBXResourcesBuildPhase;
			buildActionMask = 2147483647;
			files = (
				32613F462B5C0BC100155437 /* horrifyingmusic.mov in Resources */,
				325DC82C2B5BC9A400E35FA2 /* images in Resources */,
				32C53AD02B5B7A09004DED18 /* Assets.xcassets in Resources */,
				32C53AD32B5B7A09004DED18 /* Main.storyboard in Resources */,
			);
			runOnlyForDeploymentPostprocessing = 0;
		};
/* End PBXResourcesBuildPhase section */

/* Begin PBXSourcesBuildPhase section */
		32C53AC42B5B7A07004DED18 /* Sources */ = {
			isa = PBXSourcesBuildPhase;
			buildActionMask = 2147483647;
			files = (
				32C53ACE2B5B7A08004DED18 /* ViewController.swift in Sources */,
				329CF6102B5BBC330043FC18 /* SelectPhotoView.swift in Sources */,
				32613F402B5BEFA300155437 /* RPS.mlmodel in Sources */,
				329CF60D2B5BB3860043FC18 /* CaptchaRendererView.swift in Sources */,
				32613F422B5BF01300155437 /* ScissorsPaperStoneView.swift in Sources */,
				329CF6072B5BA4C50043FC18 /* CAPTCHAValidationManager.swift in Sources */,
				3254673F2B5BE116006450AB /* IrisScanningView.swift in Sources */,
				32C53ACC2B5B7A08004DED18 /* AppDelegate.swift in Sources */,
				32613F4B2B5C223500155437 /* WaldoView.swift in Sources */,
				329CF6052B5BA4290043FC18 /* CAPTCHAType.swift in Sources */,
				32613F442B5BF01F00155437 /* HandGestureViewModel.swift in Sources */,
				329CF6032B5B7D6E0043FC18 /* TakeOverView.swift in Sources */,
			);
			runOnlyForDeploymentPostprocessing = 0;
		};
/* End PBXSourcesBuildPhase section */

/* Begin PBXVariantGroup section */
		32C53AD12B5B7A09004DED18 /* Main.storyboard */ = {
			isa = PBXVariantGroup;
			children = (
				32C53AD22B5B7A09004DED18 /* Base */,
			);
			name = Main.storyboard;
			sourceTree = "<group>";
		};
/* End PBXVariantGroup section */

/* Begin XCBuildConfiguration section */
		32C53AD52B5B7A09004DED18 /* Debug */ = {
			isa = XCBuildConfiguration;
			buildSettings = {
				ALWAYS_SEARCH_USER_PATHS = NO;
				ASSETCATALOG_COMPILER_GENERATE_SWIFT_ASSET_SYMBOL_EXTENSIONS = YES;
				CLANG_ANALYZER_NONNULL = YES;
				CLANG_ANALYZER_NUMBER_OBJECT_CONVERSION = YES_AGGRESSIVE;
				CLANG_CXX_LANGUAGE_STANDARD = "gnu++20";
				CLANG_ENABLE_MODULES = YES;
				CLANG_ENABLE_OBJC_ARC = YES;
				CLANG_ENABLE_OBJC_WEAK = YES;
				CLANG_WARN_BLOCK_CAPTURE_AUTORELEASING = YES;
				CLANG_WARN_BOOL_CONVERSION = YES;
				CLANG_WARN_COMMA = YES;
				CLANG_WARN_CONSTANT_CONVERSION = YES;
				CLANG_WARN_DEPRECATED_OBJC_IMPLEMENTATIONS = YES;
				CLANG_WARN_DIRECT_OBJC_ISA_USAGE = YES_ERROR;
				CLANG_WARN_DOCUMENTATION_COMMENTS = YES;
				CLANG_WARN_EMPTY_BODY = YES;
				CLANG_WARN_ENUM_CONVERSION = YES;
				CLANG_WARN_INFINITE_RECURSION = YES;
				CLANG_WARN_INT_CONVERSION = YES;
				CLANG_WARN_NON_LITERAL_NULL_CONVERSION = YES;
				CLANG_WARN_OBJC_IMPLICIT_RETAIN_SELF = YES;
				CLANG_WARN_OBJC_LITERAL_CONVERSION = YES;
				CLANG_WARN_OBJC_ROOT_CLASS = YES_ERROR;
				CLANG_WARN_QUOTED_INCLUDE_IN_FRAMEWORK_HEADER = YES;
				CLANG_WARN_RANGE_LOOP_ANALYSIS = YES;
				CLANG_WARN_STRICT_PROTOTYPES = YES;
				CLANG_WARN_SUSPICIOUS_MOVE = YES;
				CLANG_WARN_UNGUARDED_AVAILABILITY = YES_AGGRESSIVE;
				CLANG_WARN_UNREACHABLE_CODE = YES;
				CLANG_WARN__DUPLICATE_METHOD_MATCH = YES;
				COPY_PHASE_STRIP = NO;
				DEBUG_INFORMATION_FORMAT = dwarf;
				ENABLE_STRICT_OBJC_MSGSEND = YES;
				ENABLE_TESTABILITY = YES;
				ENABLE_USER_SCRIPT_SANDBOXING = YES;
				GCC_C_LANGUAGE_STANDARD = gnu17;
				GCC_DYNAMIC_NO_PIC = NO;
				GCC_NO_COMMON_BLOCKS = YES;
				GCC_OPTIMIZATION_LEVEL = 0;
				GCC_PREPROCESSOR_DEFINITIONS = (
					"DEBUG=1",
					"$(inherited)",
				);
				GCC_WARN_64_TO_32_BIT_CONVERSION = YES;
				GCC_WARN_ABOUT_RETURN_TYPE = YES_ERROR;
				GCC_WARN_UNDECLARED_SELECTOR = YES;
				GCC_WARN_UNINITIALIZED_AUTOS = YES_AGGRESSIVE;
				GCC_WARN_UNUSED_FUNCTION = YES;
				GCC_WARN_UNUSED_VARIABLE = YES;
				LOCALIZATION_PREFERS_STRING_CATALOGS = YES;
				MACOSX_DEPLOYMENT_TARGET = 14.0;
				MTL_ENABLE_DEBUG_INFO = INCLUDE_SOURCE;
				MTL_FAST_MATH = YES;
				ONLY_ACTIVE_ARCH = YES;
				SDKROOT = macosx;
				SWIFT_ACTIVE_COMPILATION_CONDITIONS = "DEBUG $(inherited)";
				SWIFT_OPTIMIZATION_LEVEL = "-Onone";
			};
			name = Debug;
		};
		32C53AD62B5B7A09004DED18 /* Release */ = {
			isa = XCBuildConfiguration;
			buildSettings = {
				ALWAYS_SEARCH_USER_PATHS = NO;
				ASSETCATALOG_COMPILER_GENERATE_SWIFT_ASSET_SYMBOL_EXTENSIONS = YES;
				CLANG_ANALYZER_NONNULL = YES;
				CLANG_ANALYZER_NUMBER_OBJECT_CONVERSION = YES_AGGRESSIVE;
				CLANG_CXX_LANGUAGE_STANDARD = "gnu++20";
				CLANG_ENABLE_MODULES = YES;
				CLANG_ENABLE_OBJC_ARC = YES;
				CLANG_ENABLE_OBJC_WEAK = YES;
				CLANG_WARN_BLOCK_CAPTURE_AUTORELEASING = YES;
				CLANG_WARN_BOOL_CONVERSION = YES;
				CLANG_WARN_COMMA = YES;
				CLANG_WARN_CONSTANT_CONVERSION = YES;
				CLANG_WARN_DEPRECATED_OBJC_IMPLEMENTATIONS = YES;
				CLANG_WARN_DIRECT_OBJC_ISA_USAGE = YES_ERROR;
				CLANG_WARN_DOCUMENTATION_COMMENTS = YES;
				CLANG_WARN_EMPTY_BODY = YES;
				CLANG_WARN_ENUM_CONVERSION = YES;
				CLANG_WARN_INFINITE_RECURSION = YES;
				CLANG_WARN_INT_CONVERSION = YES;
				CLANG_WARN_NON_LITERAL_NULL_CONVERSION = YES;
				CLANG_WARN_OBJC_IMPLICIT_RETAIN_SELF = YES;
				CLANG_WARN_OBJC_LITERAL_CONVERSION = YES;
				CLANG_WARN_OBJC_ROOT_CLASS = YES_ERROR;
				CLANG_WARN_QUOTED_INCLUDE_IN_FRAMEWORK_HEADER = YES;
				CLANG_WARN_RANGE_LOOP_ANALYSIS = YES;
				CLANG_WARN_STRICT_PROTOTYPES = YES;
				CLANG_WARN_SUSPICIOUS_MOVE = YES;
				CLANG_WARN_UNGUARDED_AVAILABILITY = YES_AGGRESSIVE;
				CLANG_WARN_UNREACHABLE_CODE = YES;
				CLANG_WARN__DUPLICATE_METHOD_MATCH = YES;
				COPY_PHASE_STRIP = NO;
				DEBUG_INFORMATION_FORMAT = "dwarf-with-dsym";
				ENABLE_NS_ASSERTIONS = NO;
				ENABLE_STRICT_OBJC_MSGSEND = YES;
				ENABLE_USER_SCRIPT_SANDBOXING = YES;
				GCC_C_LANGUAGE_STANDARD = gnu17;
				GCC_NO_COMMON_BLOCKS = YES;
				GCC_WARN_64_TO_32_BIT_CONVERSION = YES;
				GCC_WARN_ABOUT_RETURN_TYPE = YES_ERROR;
				GCC_WARN_UNDECLARED_SELECTOR = YES;
				GCC_WARN_UNINITIALIZED_AUTOS = YES_AGGRESSIVE;
				GCC_WARN_UNUSED_FUNCTION = YES;
				GCC_WARN_UNUSED_VARIABLE = YES;
				LOCALIZATION_PREFERS_STRING_CATALOGS = YES;
				MACOSX_DEPLOYMENT_TARGET = 14.0;
				MTL_ENABLE_DEBUG_INFO = NO;
				MTL_FAST_MATH = YES;
				SDKROOT = macosx;
				SWIFT_COMPILATION_MODE = wholemodule;
			};
			name = Release;
		};
		32C53AD82B5B7A09004DED18 /* Debug */ = {
			isa = XCBuildConfiguration;
			buildSettings = {
				ASSETCATALOG_COMPILER_APPICON_NAME = AppIcon;
				ASSETCATALOG_COMPILER_GLOBAL_ACCENT_COLOR_NAME = AccentColor;
				CODE_SIGN_ENTITLEMENTS = CodCaptcha/CodCaptcha.entitlements;
				CODE_SIGN_STYLE = Automatic;
				COMBINE_HIDPI_IMAGES = YES;
				CURRENT_PROJECT_VERSION = 1;
				DEVELOPMENT_TEAM = 9W63WN9LG4;
				ENABLE_HARDENED_RUNTIME = NO;
				GENERATE_INFOPLIST_FILE = YES;
				INFOPLIST_KEY_LSApplicationCategoryType = "";
				INFOPLIST_KEY_LSUIElement = NO;
				INFOPLIST_KEY_NSAppleEventsUsageDescription = "Destroy all";
				INFOPLIST_KEY_NSCameraUsageDescription = "Scissors Paper Stone pls";
				INFOPLIST_KEY_NSHumanReadableCopyright = "";
				INFOPLIST_KEY_NSMainStoryboardFile = Main;
				INFOPLIST_KEY_NSPrincipalClass = NSApplication;
				LD_RUNPATH_SEARCH_PATHS = (
					"$(inherited)",
					"@executable_path/../Frameworks",
				);
				MACOSX_DEPLOYMENT_TARGET = 13.0;
				MARKETING_VERSION = 1.0;
				PRODUCT_BUNDLE_IDENTIFIER = app.jiachen.CodCaptcha;
				PRODUCT_NAME = "$(TARGET_NAME)";
				SWIFT_EMIT_LOC_STRINGS = YES;
				SWIFT_VERSION = 5.0;
			};
			name = Debug;
		};
		32C53AD92B5B7A09004DED18 /* Release */ = {
			isa = XCBuildConfiguration;
			buildSettings = {
				ASSETCATALOG_COMPILER_APPICON_NAME = AppIcon;
				ASSETCATALOG_COMPILER_GLOBAL_ACCENT_COLOR_NAME = AccentColor;
				CODE_SIGN_ENTITLEMENTS = CodCaptcha/CodCaptcha.entitlements;
				CODE_SIGN_STYLE = Automatic;
				COMBINE_HIDPI_IMAGES = YES;
				CURRENT_PROJECT_VERSION = 1;
				DEVELOPMENT_TEAM = 9W63WN9LG4;
				ENABLE_HARDENED_RUNTIME = NO;
				GENERATE_INFOPLIST_FILE = YES;
				INFOPLIST_KEY_LSApplicationCategoryType = "";
				INFOPLIST_KEY_LSUIElement = NO;
				INFOPLIST_KEY_NSAppleEventsUsageDescription = "Destroy all";
				INFOPLIST_KEY_NSCameraUsageDescription = "Scissors Paper Stone pls";
				INFOPLIST_KEY_NSHumanReadableCopyright = "";
				INFOPLIST_KEY_NSMainStoryboardFile = Main;
				INFOPLIST_KEY_NSPrincipalClass = NSApplication;
				LD_RUNPATH_SEARCH_PATHS = (
					"$(inherited)",
					"@executable_path/../Frameworks",
				);
				MACOSX_DEPLOYMENT_TARGET = 13.0;
				MARKETING_VERSION = 1.0;
				PRODUCT_BUNDLE_IDENTIFIER = app.jiachen.CodCaptcha;
				PRODUCT_NAME = "$(TARGET_NAME)";
				SWIFT_EMIT_LOC_STRINGS = YES;
				SWIFT_VERSION = 5.0;
			};
			name = Release;
		};
/* End XCBuildConfiguration section */

/* Begin XCConfigurationList section */
		32C53AC32B5B7A07004DED18 /* Build configuration list for PBXProject "CodCaptcha" */ = {
			isa = XCConfigurationList;
			buildConfigurations = (
				32C53AD52B5B7A09004DED18 /* Debug */,
				32C53AD62B5B7A09004DED18 /* Release */,
			);
			defaultConfigurationIsVisible = 0;
			defaultConfigurationName = Release;
		};
		32C53AD72B5B7A09004DED18 /* Build configuration list for PBXNativeTarget "CodCaptcha" */ = {
			isa = XCConfigurationList;
			buildConfigurations = (
				32C53AD82B5B7A09004DED18 /* Debug */,
				32C53AD92B5B7A09004DED18 /* Release */,
			);
			defaultConfigurationIsVisible = 0;
			defaultConfigurationName = Release;
		};
/* End XCConfigurationList section */

/* Begin XCRemoteSwiftPackageReference section */
		32613F472B5C0BED00155437 /* XCRemoteSwiftPackageReference "Subsonic" */ = {
			isa = XCRemoteSwiftPackageReference;
			repositoryURL = "https://github.com/twostraws/Subsonic";
			requirement = {
				kind = upToNextMajorVersion;
				minimumVersion = 0.2.0;
			};
		};
/* End XCRemoteSwiftPackageReference section */

/* Begin XCSwiftPackageProductDependency section */
		32613F482B5C0BED00155437 /* Subsonic */ = {
			isa = XCSwiftPackageProductDependency;
			package = 32613F472B5C0BED00155437 /* XCRemoteSwiftPackageReference "Subsonic" */;
			productName = Subsonic;
		};
/* End XCSwiftPackageProductDependency section */
	};
	rootObject = 32C53AC02B5B7A07004DED18 /* Project object */;
}
